
Microsoft Visual Studio Solution File, Format Version 12.00
# Visual Studio Version 17
VisualStudioVersion = 17.5.33424.131
MinimumVisualStudioVersion = 10.0.40219.1
Project("{FAE04EC0-301F-11D3-BF4B-00C04F79EFBC}") = "Orko.ObjectWorks", "Orko.ObjectWorks\Orko.ObjectWorks.csproj", "{5CEE57E5-ACC8-49BF-B199-10D79281A9F7}"
EndProject
Global
	GlobalSection(SolutionConfigurationPlatforms) = preSolution
		Debug|Any CPU = Debug|Any CPU
		Release|Any CPU = Release|Any CPU
	EndGlobalSection
	GlobalSection(ProjectConfigurationPlatforms) = postSolution
		{5CEE57E5-ACC8-49BF-B199-10D79281A9F7}.Debug|Any CPU.ActiveCfg = Debug|Any CPU
		{5CEE57E5-ACC8-49BF-B199-10D79281A9F7}.Debug|Any CPU.Build.0 = Debug|Any CPU
		{5CEE57E5-ACC8-49BF-B199-10D79281A9F7}.Release|Any CPU.ActiveCfg = Release|Any CPU
		{5CEE57E5-ACC8-49BF-B199-10D79281A9F7}.Release|Any CPU.Build.0 = Release|Any CPU
	EndGlobalSection
	GlobalSection(SolutionProperties) = preSolution
		HideSolutionNode = FALSE
	EndGlobalSection
	GlobalSection(ExtensibilityGlobals) = postSolution
		SolutionGuid = {F570EDBC-D235-4B06-B818-1D64C05C7011}
	EndGlobalSection
EndGlobal
